// !$*UTF8*$!
{
	archiveVersion = 1;
	classes = {
	};
	objectVersion = 50;
	objects = {

/* Begin PBXBuildFile section */
		C9E8C3B9249CA32E00DBD220 /* AppDelegate.m in Sources */ = {isa = PBXBuildFile; fileRef = C9E8C3B8249CA32E00DBD220 /* AppDelegate.m */; };
		C9E8C3BC249CA32E00DBD220 /* SceneDelegate.m in Sources */ = {isa = PBXBuildFile; fileRef = C9E8C3BB249CA32E00DBD220 /* SceneDelegate.m */; };
		C9E8C3BF249CA32E00DBD220 /* ViewController.m in Sources */ = {isa = PBXBuildFile; fileRef = C9E8C3BE249CA32E00DBD220 /* ViewController.m */; };
		C9E8C3C2249CA32E00DBD220 /* Main.storyboard in Resources */ = {isa = PBXBuildFile; fileRef = C9E8C3C0249CA32E00DBD220 /* Main.storyboard */; };
		C9E8C3C4249CA32F00DBD220 /* Assets.xcassets in Resources */ = {isa = PBXBuildFile; fileRef = C9E8C3C3249CA32F00DBD220 /* Assets.xcassets */; };
		C9E8C3C7249CA32F00DBD220 /* LaunchScreen.storyboard in Resources */ = {isa = PBXBuildFile; fileRef = C9E8C3C5249CA32F00DBD220 /* LaunchScreen.storyboard */; };
		C9E8C3CA249CA32F00DBD220 /* main.m in Sources */ = {isa = PBXBuildFile; fileRef = C9E8C3C9249CA32F00DBD220 /* main.m */; };
		C9E8C3D3249CA57400DBD220 /* MyFuncTools.m in Sources */ = {isa = PBXBuildFile; fileRef = C9E8C3D2249CA57400DBD220 /* MyFuncTools.m */; };
/* End PBXBuildFile section */

/* Begin PBXFileReference section */
		C9E8C3B4249CA32E00DBD220 /* Example.app */ = {isa = PBXFileReference; explicitFileType = wrapper.application; includeInIndex = 0; path = Example.app; sourceTree = BUILT_PRODUCTS_DIR; };
		C9E8C3B7249CA32E00DBD220 /* AppDelegate.h */ = {isa = PBXFileReference; lastKnownFileType = sourcecode.c.h; path = AppDelegate.h; sourceTree = "<group>"; };
		C9E8C3B8249CA32E00DBD220 /* AppDelegate.m */ = {isa = PBXFileReference; lastKnownFileType = sourcecode.c.objc; path = AppDelegate.m; sourceTree = "<group>"; };
		C9E8C3BA249CA32E00DBD220 /* SceneDelegate.h */ = {isa = PBXFileReference; lastKnownFileType = sourcecode.c.h; path = SceneDelegate.h; sourceTree = "<group>"; };
		C9E8C3BB249CA32E00DBD220 /* SceneDelegate.m */ = {isa = PBXFileReference; lastKnownFileType = sourcecode.c.objc; path = SceneDelegate.m; sourceTree = "<group>"; };
		C9E8C3BD249CA32E00DBD220 /* ViewController.h */ = {isa = PBXFileReference; lastKnownFileType = sourcecode.c.h; path = ViewController.h; sourceTree = "<group>"; };
		C9E8C3BE249CA32E00DBD220 /* ViewController.m */ = {isa = PBXFileReference; lastKnownFileType = sourcecode.c.objc; path = ViewController.m; sourceTree = "<group>"; };
		C9E8C3C1249CA32E00DBD220 /* Base */ = {isa = PBXFileReference; lastKnownFileType = file.storyboard; name = Base; path = Base.lproj/Main.storyboard; sourceTree = "<group>"; };
		C9E8C3C3249CA32F00DBD220 /* Assets.xcassets */ = {isa = PBXFileReference; lastKnownFileType = folder.assetcatalog; path = Assets.xcassets; sourceTree = "<group>"; };
		C9E8C3C6249CA32F00DBD220 /* Base */ = {isa = PBXFileReference; lastKnownFileType = file.storyboard; name = Base; path = Base.lproj/LaunchScreen.storyboard; sourceTree = "<group>"; };
		C9E8C3C8249CA32F00DBD220 /* Info.plist */ = {isa = PBXFileReference; lastKnownFileType = text.plist.xml; path = Info.plist; sourceTree = "<group>"; };
		C9E8C3C9249CA32F00DBD220 /* main.m */ = {isa = PBXFileReference; lastKnownFileType = sourcecode.c.objc; path = main.m; sourceTree = "<group>"; };
		C9E8C3D1249CA57400DBD220 /* MyFuncTools.h */ = {isa = PBXFileReference; lastKnownFileType = sourcecode.c.h; path = MyFuncTools.h; sourceTree = "<group>"; };
		C9E8C3D2249CA57400DBD220 /* MyFuncTools.m */ = {isa = PBXFileReference; lastKnownFileType = sourcecode.c.objc; path = MyFuncTools.m; sourceTree = "<group>"; };
/* End PBXFileReference section */

/* Begin PBXFrameworksBuildPhase section */
		C9E8C3B1249CA32E00DBD220 /* Frameworks */ = {
			isa = PBXFrameworksBuildPhase;
			buildActionMask = 2147483647;
			files = (
			);
			runOnlyForDeploymentPostprocessing = 0;
		};
/* End PBXFrameworksBuildPhase section */

/* Begin PBXGroup section */
		C9E8C3AB249CA32E00DBD220 = {
			isa = PBXGroup;
			children = (
				C9E8C3D0249CA55400DBD220 /* MyFuncLib */,
				C9E8C3B6249CA32E00DBD220 /* Example */,
				C9E8C3B5249CA32E00DBD220 /* Products */,
			);
			sourceTree = "<group>";
		};
		C9E8C3B5249CA32E00DBD220 /* Products */ = {
			isa = PBXGroup;
			children = (
				C9E8C3B4249CA32E00DBD220 /* Example.app */,
			);
			name = Products;
			sourceTree = "<group>";
		};
		C9E8C3B6249CA32E00DBD220 /* Example */ = {
			isa = PBXGroup;
			children = (
				C9E8C3B7249CA32E00DBD220 /* AppDelegate.h */,
				C9E8C3B8249CA32E00DBD220 /* AppDelegate.m */,
				C9E8C3BA249CA32E00DBD220 /* SceneDelegate.h */,
				C9E8C3BB249CA32E00DBD220 /* SceneDelegate.m */,
				C9E8C3BD249CA32E00DBD220 /* ViewController.h */,
				C9E8C3BE249CA32E00DBD220 /* ViewController.m */,
				C9E8C3C0249CA32E00DBD220 /* Main.storyboard */,
				C9E8C3C3249CA32F00DBD220 /* Assets.xcassets */,
				C9E8C3C5249CA32F00DBD220 /* LaunchScreen.storyboard */,
				C9E8C3C8249CA32F00DBD220 /* Info.plist */,
				C9E8C3C9249CA32F00DBD220 /* main.m */,
			);
			path = Example;
			sourceTree = "<group>";
		};
		C9E8C3D0249CA55400DBD220 /* MyFuncLib */ = {
			isa = PBXGroup;
			children = (
				C9E8C3D1249CA57400DBD220 /* MyFuncTools.h */,
				C9E8C3D2249CA57400DBD220 /* MyFuncTools.m */,
			);
			path = MyFuncLib;
			sourceTree = "<group>";
		};
/* End PBXGroup section */

/* Begin PBXNativeTarget section */
		C9E8C3B3249CA32E00DBD220 /* Example */ = {
			isa = PBXNativeTarget;
			buildConfigurationList = C9E8C3CD249CA32F00DBD220 /* Build configuration list for PBXNativeTarget "Example" */;
			buildPhases = (
				C9E8C3B0249CA32E00DBD220 /* Sources */,
				C9E8C3B1249CA32E00DBD220 /* Frameworks */,
				C9E8C3B2249CA32E00DBD220 /* Resources */,
			);
			buildRules = (
			);
			dependencies = (
			);
			name = Example;
			productName = Example;
			productReference = C9E8C3B4249CA32E00DBD220 /* Example.app */;
			productType = "com.apple.product-type.application";
		};
/* End PBXNativeTarget section */

/* Begin PBXProject section */
		C9E8C3AC249CA32E00DBD220 /* Project object */ = {
			isa = PBXProject;
			attributes = {
				LastUpgradeCheck = 1150;
				ORGANIZATIONNAME = Colbert;
				TargetAttributes = {
					C9E8C3B3249CA32E00DBD220 = {
						CreatedOnToolsVersion = 11.5;
					};
				};
			};
			buildConfigurationList = C9E8C3AF249CA32E00DBD220 /* Build configuration list for PBXProject "Example" */;
			compatibilityVersion = "Xcode 9.3";
			developmentRegion = en;
			hasScannedForEncodings = 0;
			knownRegions = (
				en,
				Base,
			);
			mainGroup = C9E8C3AB249CA32E00DBD220;
			productRefGroup = C9E8C3B5249CA32E00DBD220 /* Products */;
			projectDirPath = "";
			projectRoot = "";
			targets = (
				C9E8C3B3249CA32E00DBD220 /* Example */,
			);
		};
/* End PBXProject section */

/* Begin PBXResourcesBuildPhase section */
		C9E8C3B2249CA32E00DBD220 /* Resources */ = {
			isa = PBXResourcesBuildPhase;
			buildActionMask = 2147483647;
			files = (
				C9E8C3C7249CA32F00DBD220 /* LaunchScreen.storyboard in Resources */,
				C9E8C3C4249CA32F00DBD220 /* Assets.xcassets in Resources */,
				C9E8C3C2249CA32E00DBD220 /* Main.storyboard in Resources */,
			);
			runOnlyForDeploymentPostprocessing = 0;
		};
/* End PBXResourcesBuildPhase section */

/* Begin PBXSourcesBuildPhase section */
		C9E8C3B0249CA32E00DBD220 /* Sources */ = {
			isa = PBXSourcesBuildPhase;
			buildActionMask = 2147483647;
			files = (
				C9E8C3BF249CA32E00DBD220 /* ViewController.m in Sources */,
				C9E8C3B9249CA32E00DBD220 /* AppDelegate.m in Sources */,
				C9E8C3CA249CA32F00DBD220 /* main.m in Sources */,
				C9E8C3D3249CA57400DBD220 /* MyFuncTools.m in Sources */,
				C9E8C3BC249CA32E00DBD220 /* SceneDelegate.m in Sources */,
			);
			runOnlyForDeploymentPostprocessing = 0;
		};
/* End PBXSourcesBuildPhase section */

/* Begin PBXVariantGroup section */
		C9E8C3C0249CA32E00DBD220 /* Main.storyboard */ = {
			isa = PBXVariantGroup;
			children = (
				C9E8C3C1249CA32E00DBD220 /* Base */,
			);
			name = Main.storyboard;
			sourceTree = "<group>";
		};
		C9E8C3C5249CA32F00DBD220 /* LaunchScreen.storyboard */ = {
			isa = PBXVariantGroup;
			children = (
				C9E8C3C6249CA32F00DBD220 /* Base */,
			);
			name = LaunchScreen.storyboard;
			sourceTree = "<group>";
		};
/* End PBXVariantGroup section */

/* Begin XCBuildConfiguration section */
		C9E8C3CB249CA32F00DBD220 /* Debug */ = {
			isa = XCBuildConfiguration;
			buildSettings = {
				ALWAYS_SEARCH_USER_PATHS = NO;
				CLANG_ANALYZER_NONNULL = YES;
				CLANG_ANALYZER_NUMBER_OBJECT_CONVERSION = YES_AGGRESSIVE;
				CLANG_CXX_LANGUAGE_STANDARD = "gnu++14";
				CLANG_CXX_LIBRARY = "libc++";
				CLANG_ENABLE_MODULES = YES;
				CLANG_ENABLE_OBJC_ARC = YES;
				CLANG_ENABLE_OBJC_WEAK = YES;
				CLANG_WARN_BLOCK_CAPTURE_AUTORELEASING = YES;
				CLANG_WARN_BOOL_CONVERSION = YES;
				CLANG_WARN_COMMA = YES;
				CLANG_WARN_CONSTANT_CONVERSION = YES;
				CLANG_WARN_DEPRECATED_OBJC_IMPLEMENTATIONS = YES;
				CLANG_WARN_DIRECT_OBJC_ISA_USAGE = YES_ERROR;
				CLANG_WARN_DOCUMENTATION_COMMENTS = YES;
				CLANG_WARN_EMPTY_BODY = YES;
				CLANG_WARN_ENUM_CONVERSION = YES;
				CLANG_WARN_INFINITE_RECURSION = YES;
				CLANG_WARN_INT_CONVERSION = YES;
				CLANG_WARN_NON_LITERAL_NULL_CONVERSION = YES;
				CLANG_WARN_OBJC_IMPLICIT_RETAIN_SELF = YES;
				CLANG_WARN_OBJC_LITERAL_CONVERSION = YES;
				CLANG_WARN_OBJC_ROOT_CLASS = YES_ERROR;
				CLANG_WARN_RANGE_LOOP_ANALYSIS = YES;
				CLANG_WARN_STRICT_PROTOTYPES = YES;
				CLANG_WARN_SUSPICIOUS_MOVE = YES;
				CLANG_WARN_UNGUARDED_AVAILABILITY = YES_AGGRESSIVE;
				CLANG_WARN_UNREACHABLE_CODE = YES;
				CLANG_WARN__DUPLICATE_METHOD_MATCH = YES;
				COPY_PHASE_STRIP = NO;
				DEBUG_INFORMATION_FORMAT = dwarf;
				ENABLE_STRICT_OBJC_MSGSEND = YES;
				ENABLE_TESTABILITY = YES;
				GCC_C_LANGUAGE_STANDARD = gnu11;
				GCC_DYNAMIC_NO_PIC = NO;
				GCC_NO_COMMON_BLOCKS = YES;
				GCC_OPTIMIZATION_LEVEL = 0;
				GCC_PREPROCESSOR_DEFINITIONS = (
					"DEBUG=1",
					"$(inherited)",
				);
				GCC_WARN_64_TO_32_BIT_CONVERSION = YES;
				GCC_WARN_ABOUT_RETURN_TYPE = YES_ERROR;
				GCC_WARN_UNDECLARED_SELECTOR = YES;
				GCC_WARN_UNINITIALIZED_AUTOS = YES_AGGRESSIVE;
				GCC_WARN_UNUSED_FUNCTION = YES;
				GCC_WARN_UNUSED_VARIABLE = YES;
				IPHONEOS_DEPLOYMENT_TARGET = 13.5;
				MTL_ENABLE_DEBUG_INFO = INCLUDE_SOURCE;
				MTL_FAST_MATH = YES;
				ONLY_ACTIVE_ARCH = YES;
				SDKROOT = iphoneos;
			};
			name = Debug;
		};
		C9E8C3CC249CA32F00DBD220 /* Release */ = {
			isa = XCBuildConfiguration;
			buildSettings = {
				ALWAYS_SEARCH_USER_PATHS = NO;
				CLANG_ANALYZER_NONNULL = YES;
				CLANG_ANALYZER_NUMBER_OBJECT_CONVERSION = YES_AGGRESSIVE;
				CLANG_CXX_LANGUAGE_STANDARD = "gnu++14";
				CLANG_CXX_LIBRARY = "libc++";
				CLANG_ENABLE_MODULES = YES;
				CLANG_ENABLE_OBJC_ARC = YES;
				CLANG_ENABLE_OBJC_WEAK = YES;
				CLANG_WARN_BLOCK_CAPTURE_AUTORELEASING = YES;
				CLANG_WARN_BOOL_CONVERSION = YES;
				CLANG_WARN_COMMA = YES;
				CLANG_WARN_CONSTANT_CONVERSION = YES;
				CLANG_WARN_DEPRECATED_OBJC_IMPLEMENTATIONS = YES;
				CLANG_WARN_DIRECT_OBJC_ISA_USAGE = YES_ERROR;
				CLANG_WARN_DOCUMENTATION_COMMENTS = YES;
				CLANG_WARN_EMPTY_BODY = YES;
				CLANG_WARN_ENUM_CONVERSION = YES;
				CLANG_WARN_INFINITE_RECURSION = YES;
				CLANG_WARN_INT_CONVERSION = YES;
				CLANG_WARN_NON_LITERAL_NULL_CONVERSION = YES;
				CLANG_WARN_OBJC_IMPLICIT_RETAIN_SELF = YES;
				CLANG_WARN_OBJC_LITERAL_CONVERSION = YES;
				CLANG_WARN_OBJC_ROOT_CLASS = YES_ERROR;
				CLANG_WARN_RANGE_LOOP_ANALYSIS = YES;
				CLANG_WARN_STRICT_PROTOTYPES = YES;
				CLANG_WARN_SUSPICIOUS_MOVE = YES;
				CLANG_WARN_UNGUARDED_AVAILABILITY = YES_AGGRESSIVE;
				CLANG_WARN_UNREACHABLE_CODE = YES;
				CLANG_WARN__DUPLICATE_METHOD_MATCH = YES;
				COPY_PHASE_STRIP = NO;
				DEBUG_INFORMATION_FORMAT = "dwarf-with-dsym";
				ENABLE_NS_ASSERTIONS = NO;
				ENABLE_STRICT_OBJC_MSGSEND = YES;
				GCC_C_LANGUAGE_STANDARD = gnu11;
				GCC_NO_COMMON_BLOCKS = YES;
				GCC_WARN_64_TO_32_BIT_CONVERSION = YES;
				GCC_WARN_ABOUT_RETURN_TYPE = YES_ERROR;
				GCC_WARN_UNDECLARED_SELECTOR = YES;
				GCC_WARN_UNINITIALIZED_AUTOS = YES_AGGRESSIVE;
				GCC_WARN_UNUSED_FUNCTION = YES;
				GCC_WARN_UNUSED_VARIABLE = YES;
				IPHONEOS_DEPLOYMENT_TARGET = 13.5;
				MTL_ENABLE_DEBUG_INFO = NO;
				MTL_FAST_MATH = YES;
				SDKROOT = iphoneos;
				VALIDATE_PRODUCT = YES;
			};
			name = Release;
		};
		C9E8C3CE249CA32F00DBD220 /* Debug */ = {
			isa = XCBuildConfiguration;
			buildSettings = {
				ASSETCATALOG_COMPILER_APPICON_NAME = AppIcon;
				CODE_SIGN_STYLE = Automatic;
				DEVELOPMENT_TEAM = 5P7EY8HPBE;
				INFOPLIST_FILE = Example/Info.plist;
				LD_RUNPATH_SEARCH_PATHS = (
					"$(inherited)",
					"@executable_path/Frameworks",
				);
				PRODUCT_BUNDLE_IDENTIFIER = com.cocoapods.Example;
				PRODUCT_NAME = "$(TARGET_NAME)";
				TARGETED_DEVICE_FAMILY = "1,2";
			};
			name = Debug;
		};
		C9E8C3CF249CA32F00DBD220 /* Release */ = {
			isa = XCBuildConfiguration;
			buildSettings = {
				ASSETCATALOG_COMPILER_APPICON_NAME = AppIcon;
				CODE_SIGN_STYLE = Automatic;
				DEVELOPMENT_TEAM = 5P7EY8HPBE;
				INFOPLIST_FILE = Example/Info.plist;
				LD_RUNPATH_SEARCH_PATHS = (
					"$(inherited)",
					"@executable_path/Frameworks",
				);
				PRODUCT_BUNDLE_IDENTIFIER = com.cocoapods.Example;
				PRODUCT_NAME = "$(TARGET_NAME)";
				TARGETED_DEVICE_FAMILY = "1,2";
			};
			name = Release;
		};
/* End XCBuildConfiguration section */

/* Begin XCConfigurationList section */
		C9E8C3AF249CA32E00DBD220 /* Build configuration list for PBXProject "Example" */ = {
			isa = XCConfigurationList;
			buildConfigurations = (
				C9E8C3CB249CA32F00DBD220 /* Debug */,
				C9E8C3CC249CA32F00DBD220 /* Release */,
			);
			defaultConfigurationIsVisible = 0;
			defaultConfigurationName = Release;
		};
		C9E8C3CD249CA32F00DBD220 /* Build configuration list for PBXNativeTarget "Example" */ = {
			isa = XCConfigurationList;
			buildConfigurations = (
				C9E8C3CE249CA32F00DBD220 /* Debug */,
				C9E8C3CF249CA32F00DBD220 /* Release */,
			);
			defaultConfigurationIsVisible = 0;
			defaultConfigurationName = Release;
		};
/* End XCConfigurationList section */
	};
	rootObject = C9E8C3AC249CA32E00DBD220 /* Project object */;
}
